
Microsoft Visual Studio Solution File, Format Version 12.00
# Visual Studio 15
VisualStudioVersion = 15.0.27130.2036
MinimumVisualStudioVersion = 10.0.40219.1
Project("{FAE04EC0-301F-11D3-BF4B-00C04F79EFBC}") = "IHK.ResultsNotifier", "IHK.ResultsNotifier\IHK.ResultsNotifier.csproj", "{B717B701-620D-4714-8E9B-8963BF433CDE}"
EndProject
Project("{FAE04EC0-301F-11D3-BF4B-00C04F79EFBC}") = "IHK.ResultsNotifier.Tests", "IHK.ResultsNotifier.Tests\IHK.ResultsNotifier.Tests.csproj", "{8EDF4429-251A-416D-BB68-93F227191BCF}"
EndProject
Global
	GlobalSection(SolutionConfigurationPlatforms) = preSolution
		Debug|Any CPU = Debug|Any CPU
		Release|Any CPU = Release|Any CPU
	EndGlobalSection
	GlobalSection(ProjectConfigurationPlatforms) = postSolution
		{B717B701-620D-4714-8E9B-8963BF433CDE}.Debug|Any CPU.ActiveCfg = Debug|Any CPU
		{B717B701-620D-4714-8E9B-8963BF433CDE}.Debug|Any CPU.Build.0 = Debug|Any CPU
		{B717B701-620D-4714-8E9B-8963BF433CDE}.Release|Any CPU.ActiveCfg = Release|Any CPU
		{B717B701-620D-4714-8E9B-8963BF433CDE}.Release|Any CPU.Build.0 = Release|Any CPU
		{8EDF4429-251A-416D-BB68-93F227191BCF}.Debug|Any CPU.ActiveCfg = Debug|Any CPU
		{8EDF4429-251A-416D-BB68-93F227191BCF}.Debug|Any CPU.Build.0 = Debug|Any CPU
		{8EDF4429-251A-416D-BB68-93F227191BCF}.Release|Any CPU.ActiveCfg = Release|Any CPU
		{8EDF4429-251A-416D-BB68-93F227191BCF}.Release|Any CPU.Build.0 = Release|Any CPU
	EndGlobalSection
	GlobalSection(SolutionProperties) = preSolution
		HideSolutionNode = FALSE
	EndGlobalSection
	GlobalSection(ExtensibilityGlobals) = postSolution
		SolutionGuid = {F2B1684C-8084-4015-93AE-B1DC82BD03BC}
	EndGlobalSection
EndGlobal
